
Microsoft Visual Studio Solution File, Format Version 12.00
# Visual Studio 15
VisualStudioVersion = 15.0.27130.2024
MinimumVisualStudioVersion = 10.0.40219.1
Project("{FAE04EC0-301F-11D3-BF4B-00C04F79EFBC}") = "SnowflakeId", "SnowflakeId\SnowflakeId.csproj", "{C4287234-29F2-46E7-8C40-1D09610AF660}"
EndProject
Project("{FAE04EC0-301F-11D3-BF4B-00C04F79EFBC}") = "SnowflakeId.Core", "SnowflakeId.Core\SnowflakeId.Core.csproj", "{8F2BDEA7-6B88-4DF5-8C44-05075B1E32C0}"
EndProject
Project("{FAE04EC0-301F-11D3-BF4B-00C04F79EFBC}") = "SnowflakeId.Test", "SnowflakeId.Test\SnowflakeId.Test.csproj", "{489056DF-5CE5-4FD9-8111-8993DBF1A327}"
EndProject
Global
	GlobalSection(SolutionConfigurationPlatforms) = preSolution
		Debug|Any CPU = Debug|Any CPU
		Release|Any CPU = Release|Any CPU
	EndGlobalSection
	GlobalSection(ProjectConfigurationPlatforms) = postSolution
		{C4287234-29F2-46E7-8C40-1D09610AF660}.Debug|Any CPU.ActiveCfg = Debug|Any CPU
		{C4287234-29F2-46E7-8C40-1D09610AF660}.Debug|Any CPU.Build.0 = Debug|Any CPU
		{C4287234-29F2-46E7-8C40-1D09610AF660}.Release|Any CPU.ActiveCfg = Release|Any CPU
		{C4287234-29F2-46E7-8C40-1D09610AF660}.Release|Any CPU.Build.0 = Release|Any CPU
		{8F2BDEA7-6B88-4DF5-8C44-05075B1E32C0}.Debug|Any CPU.ActiveCfg = Debug|Any CPU
		{8F2BDEA7-6B88-4DF5-8C44-05075B1E32C0}.Debug|Any CPU.Build.0 = Debug|Any CPU
		{8F2BDEA7-6B88-4DF5-8C44-05075B1E32C0}.Release|Any CPU.ActiveCfg = Release|Any CPU
		{8F2BDEA7-6B88-4DF5-8C44-05075B1E32C0}.Release|Any CPU.Build.0 = Release|Any CPU
		{489056DF-5CE5-4FD9-8111-8993DBF1A327}.Debug|Any CPU.ActiveCfg = Debug|Any CPU
		{489056DF-5CE5-4FD9-8111-8993DBF1A327}.Debug|Any CPU.Build.0 = Debug|Any CPU
		{489056DF-5CE5-4FD9-8111-8993DBF1A327}.Release|Any CPU.ActiveCfg = Release|Any CPU
		{489056DF-5CE5-4FD9-8111-8993DBF1A327}.Release|Any CPU.Build.0 = Release|Any CPU
	EndGlobalSection
	GlobalSection(SolutionProperties) = preSolution
		HideSolutionNode = FALSE
	EndGlobalSection
	GlobalSection(ExtensibilityGlobals) = postSolution
		SolutionGuid = {E9FF47B2-65B0-418A-8EEF-B0D4B600477C}
	EndGlobalSection
EndGlobal
